
Microsoft Visual Studio Solution File, Format Version 12.00
# Visual Studio 15
VisualStudioVersion = 15.0.28307.421
MinimumVisualStudioVersion = 10.0.40219.1
Project("{2150E333-8FDC-42A3-9474-1A3956D46DE8}") = "OddsData", "OddsData", "{2A634651-2922-4EAE-9EE2-141C4DBD80CC}"
EndProject
Project("{2150E333-8FDC-42A3-9474-1A3956D46DE8}") = "Infrastructure", "Infrastructure", "{D89A5C15-B2E7-4D13-8EF4-A086252E8083}"
EndProject
Project("{2150E333-8FDC-42A3-9474-1A3956D46DE8}") = "Sources", "Sources", "{E39B3923-ADB3-40A1-A48D-17790578402A}"
EndProject
Project("{9A19103F-16F7-4668-BE54-9A1E7A4F7556}") = "OddsData.Infrastructure", "OddsData\Infrastructure\OddsData.Infrastructure\OddsData.Infrastructure.csproj", "{071F09B2-8C09-4AFF-BA82-C732A225E0A7}"
EndProject
Project("{9A19103F-16F7-4668-BE54-9A1E7A4F7556}") = "OddsData.OddsPortal", "OddsData\Sources\OddsData.OddsPortal\OddsData.OddsPortal.csproj", "{753F060B-63F7-4A12-B5CC-194D95CFD21E}"
EndProject
Project("{9A19103F-16F7-4668-BE54-9A1E7A4F7556}") = "OddsData.Source", "OddsData\OddsData.Source\OddsData.Source.csproj", "{D4AD8B6E-3AF4-4C0E-B345-A9F8501C1AA5}"
EndProject
Project("{2150E333-8FDC-42A3-9474-1A3956D46DE8}") = "Prediction", "Prediction", "{C915024C-450B-41B2-B4D3-57DF1CAB30B5}"
EndProject
Project("{9A19103F-16F7-4668-BE54-9A1E7A4F7556}") = "Prediction.Training", "Prediction\Prediction.Training\Prediction.Training.csproj", "{BC7E6A1B-75FA-4530-A275-1DBA82C0C607}"
EndProject
Project("{2150E333-8FDC-42A3-9474-1A3956D46DE8}") = "Repository", "Repository", "{E793B597-63D7-4E0C-8C07-56E83CC779D8}"
EndProject
Project("{9A19103F-16F7-4668-BE54-9A1E7A4F7556}") = "DataRepository", "Repository\DataRepository\DataRepository.csproj", "{B5B173FB-2A76-40DC-A1AD-2119E76B1781}"
EndProject
Project("{9A19103F-16F7-4668-BE54-9A1E7A4F7556}") = "Main.Infrastructure", "Main.Infrastructure\Main.Infrastructure.csproj", "{44E0D7A8-0724-450B-A469-E5DB471F36E2}"
EndProject
Project("{9A19103F-16F7-4668-BE54-9A1E7A4F7556}") = "Main.DataManager", "Main.DataManager\Main.DataManager.csproj", "{6E606B83-B81C-4D3F-A0BC-3D901E483735}"
EndProject
Project("{2150E333-8FDC-42A3-9474-1A3956D46DE8}") = ".Tests", ".Tests", "{4DB3DAE3-53BD-4594-94F5-4E17977EA180}"
EndProject
Project("{9A19103F-16F7-4668-BE54-9A1E7A4F7556}") = "Main.Bootstrapping", "Main.Bootstrapping\Main.Bootstrapping.csproj", "{6AA959A7-8AA4-4005-B351-3F79D01182F6}"
EndProject
Project("{FAE04EC0-301F-11D3-BF4B-00C04F79EFBC}") = "Main.DataManager.Tests", "Tests\Main.DataManager.Tests\Main.DataManager.Tests.csproj", "{01E988CA-87DE-4A40-A140-F8373A0E2C2E}"
EndProject
Project("{FAE04EC0-301F-11D3-BF4B-00C04F79EFBC}") = "Prediction.LearningData", "Prediction\Prediction.LearningData\Prediction.LearningData.csproj", "{9E18574F-4394-4FA4-82C1-F21CA9251FA6}"
EndProject
Project("{2150E333-8FDC-42A3-9474-1A3956D46DE8}") = "Prediction", "Prediction", "{7B3E3AFF-E56C-4448-98CE-A6BB4EFD6902}"
EndProject
Project("{FAE04EC0-301F-11D3-BF4B-00C04F79EFBC}") = "Prediction.LearningData.Tests", "Tests\Prediction\Prediction.LearningData.Tests\Prediction.LearningData.Tests.csproj", "{AB78E448-C160-4A22-965F-2AB071821225}"
EndProject
Project("{2150E333-8FDC-42A3-9474-1A3956D46DE8}") = "Repository", "Repository", "{2FB09B23-909C-40C3-BF0A-056F316F822C}"
EndProject
Project("{2150E333-8FDC-42A3-9474-1A3956D46DE8}") = "OddsData", "OddsData", "{E13BCBE7-9AD6-4B3E-A2F1-35952EA9EEF9}"
EndProject
Project("{9A19103F-16F7-4668-BE54-9A1E7A4F7556}") = "OddsData.OddsPortal.Tests", "Tests\OddsData\OddsData.OddsPortal.Tests\OddsData.OddsPortal.Tests.csproj", "{BA1E5D23-122C-4FB7-8C97-ACA25435BFDB}"
EndProject
Project("{9A19103F-16F7-4668-BE54-9A1E7A4F7556}") = "DataRepository.Tests", "Tests\Repository\DataRepository.Tests\DataRepository.Tests.csproj", "{2A5DE1EB-4F67-469C-AE5D-B0D688CAF80A}"
EndProject
Global
	GlobalSection(SolutionConfigurationPlatforms) = preSolution
		Debug|Any CPU = Debug|Any CPU
		Release|Any CPU = Release|Any CPU
	EndGlobalSection
	GlobalSection(ProjectConfigurationPlatforms) = postSolution
		{071F09B2-8C09-4AFF-BA82-C732A225E0A7}.Debug|Any CPU.ActiveCfg = Debug|Any CPU
		{071F09B2-8C09-4AFF-BA82-C732A225E0A7}.Debug|Any CPU.Build.0 = Debug|Any CPU
		{071F09B2-8C09-4AFF-BA82-C732A225E0A7}.Release|Any CPU.ActiveCfg = Release|Any CPU
		{071F09B2-8C09-4AFF-BA82-C732A225E0A7}.Release|Any CPU.Build.0 = Release|Any CPU
		{753F060B-63F7-4A12-B5CC-194D95CFD21E}.Debug|Any CPU.ActiveCfg = Debug|Any CPU
		{753F060B-63F7-4A12-B5CC-194D95CFD21E}.Debug|Any CPU.Build.0 = Debug|Any CPU
		{753F060B-63F7-4A12-B5CC-194D95CFD21E}.Release|Any CPU.ActiveCfg = Release|Any CPU
		{753F060B-63F7-4A12-B5CC-194D95CFD21E}.Release|Any CPU.Build.0 = Release|Any CPU
		{D4AD8B6E-3AF4-4C0E-B345-A9F8501C1AA5}.Debug|Any CPU.ActiveCfg = Debug|Any CPU
		{D4AD8B6E-3AF4-4C0E-B345-A9F8501C1AA5}.Debug|Any CPU.Build.0 = Debug|Any CPU
		{D4AD8B6E-3AF4-4C0E-B345-A9F8501C1AA5}.Release|Any CPU.ActiveCfg = Release|Any CPU
		{D4AD8B6E-3AF4-4C0E-B345-A9F8501C1AA5}.Release|Any CPU.Build.0 = Release|Any CPU
		{BC7E6A1B-75FA-4530-A275-1DBA82C0C607}.Debug|Any CPU.ActiveCfg = Debug|Any CPU
		{BC7E6A1B-75FA-4530-A275-1DBA82C0C607}.Debug|Any CPU.Build.0 = Debug|Any CPU
		{BC7E6A1B-75FA-4530-A275-1DBA82C0C607}.Release|Any CPU.ActiveCfg = Release|Any CPU
		{BC7E6A1B-75FA-4530-A275-1DBA82C0C607}.Release|Any CPU.Build.0 = Release|Any CPU
		{B5B173FB-2A76-40DC-A1AD-2119E76B1781}.Debug|Any CPU.ActiveCfg = Debug|Any CPU
		{B5B173FB-2A76-40DC-A1AD-2119E76B1781}.Debug|Any CPU.Build.0 = Debug|Any CPU
		{B5B173FB-2A76-40DC-A1AD-2119E76B1781}.Release|Any CPU.ActiveCfg = Release|Any CPU
		{B5B173FB-2A76-40DC-A1AD-2119E76B1781}.Release|Any CPU.Build.0 = Release|Any CPU
		{44E0D7A8-0724-450B-A469-E5DB471F36E2}.Debug|Any CPU.ActiveCfg = Debug|Any CPU
		{44E0D7A8-0724-450B-A469-E5DB471F36E2}.Debug|Any CPU.Build.0 = Debug|Any CPU
		{44E0D7A8-0724-450B-A469-E5DB471F36E2}.Release|Any CPU.ActiveCfg = Release|Any CPU
		{44E0D7A8-0724-450B-A469-E5DB471F36E2}.Release|Any CPU.Build.0 = Release|Any CPU
		{6E606B83-B81C-4D3F-A0BC-3D901E483735}.Debug|Any CPU.ActiveCfg = Debug|Any CPU
		{6E606B83-B81C-4D3F-A0BC-3D901E483735}.Debug|Any CPU.Build.0 = Debug|Any CPU
		{6E606B83-B81C-4D3F-A0BC-3D901E483735}.Release|Any CPU.ActiveCfg = Release|Any CPU
		{6E606B83-B81C-4D3F-A0BC-3D901E483735}.Release|Any CPU.Build.0 = Release|Any CPU
		{6AA959A7-8AA4-4005-B351-3F79D01182F6}.Debug|Any CPU.ActiveCfg = Debug|Any CPU
		{6AA959A7-8AA4-4005-B351-3F79D01182F6}.Debug|Any CPU.Build.0 = Debug|Any CPU
		{6AA959A7-8AA4-4005-B351-3F79D01182F6}.Release|Any CPU.ActiveCfg = Release|Any CPU
		{6AA959A7-8AA4-4005-B351-3F79D01182F6}.Release|Any CPU.Build.0 = Release|Any CPU
		{01E988CA-87DE-4A40-A140-F8373A0E2C2E}.Debug|Any CPU.ActiveCfg = Debug|Any CPU
		{01E988CA-87DE-4A40-A140-F8373A0E2C2E}.Debug|Any CPU.Build.0 = Debug|Any CPU
		{01E988CA-87DE-4A40-A140-F8373A0E2C2E}.Release|Any CPU.ActiveCfg = Release|Any CPU
		{01E988CA-87DE-4A40-A140-F8373A0E2C2E}.Release|Any CPU.Build.0 = Release|Any CPU
		{9E18574F-4394-4FA4-82C1-F21CA9251FA6}.Debug|Any CPU.ActiveCfg = Debug|Any CPU
		{9E18574F-4394-4FA4-82C1-F21CA9251FA6}.Debug|Any CPU.Build.0 = Debug|Any CPU
		{9E18574F-4394-4FA4-82C1-F21CA9251FA6}.Release|Any CPU.ActiveCfg = Release|Any CPU
		{9E18574F-4394-4FA4-82C1-F21CA9251FA6}.Release|Any CPU.Build.0 = Release|Any CPU
		{AB78E448-C160-4A22-965F-2AB071821225}.Debug|Any CPU.ActiveCfg = Debug|Any CPU
		{AB78E448-C160-4A22-965F-2AB071821225}.Debug|Any CPU.Build.0 = Debug|Any CPU
		{AB78E448-C160-4A22-965F-2AB071821225}.Release|Any CPU.ActiveCfg = Release|Any CPU
		{AB78E448-C160-4A22-965F-2AB071821225}.Release|Any CPU.Build.0 = Release|Any CPU
		{BA1E5D23-122C-4FB7-8C97-ACA25435BFDB}.Debug|Any CPU.ActiveCfg = Debug|Any CPU
		{BA1E5D23-122C-4FB7-8C97-ACA25435BFDB}.Debug|Any CPU.Build.0 = Debug|Any CPU
		{BA1E5D23-122C-4FB7-8C97-ACA25435BFDB}.Release|Any CPU.ActiveCfg = Release|Any CPU
		{BA1E5D23-122C-4FB7-8C97-ACA25435BFDB}.Release|Any CPU.Build.0 = Release|Any CPU
		{2A5DE1EB-4F67-469C-AE5D-B0D688CAF80A}.Debug|Any CPU.ActiveCfg = Debug|Any CPU
		{2A5DE1EB-4F67-469C-AE5D-B0D688CAF80A}.Debug|Any CPU.Build.0 = Debug|Any CPU
		{2A5DE1EB-4F67-469C-AE5D-B0D688CAF80A}.Release|Any CPU.ActiveCfg = Release|Any CPU
		{2A5DE1EB-4F67-469C-AE5D-B0D688CAF80A}.Release|Any CPU.Build.0 = Release|Any CPU
	EndGlobalSection
	GlobalSection(SolutionProperties) = preSolution
		HideSolutionNode = FALSE
	EndGlobalSection
	GlobalSection(NestedProjects) = preSolution
		{D89A5C15-B2E7-4D13-8EF4-A086252E8083} = {2A634651-2922-4EAE-9EE2-141C4DBD80CC}
		{E39B3923-ADB3-40A1-A48D-17790578402A} = {2A634651-2922-4EAE-9EE2-141C4DBD80CC}
		{071F09B2-8C09-4AFF-BA82-C732A225E0A7} = {D89A5C15-B2E7-4D13-8EF4-A086252E8083}
		{753F060B-63F7-4A12-B5CC-194D95CFD21E} = {E39B3923-ADB3-40A1-A48D-17790578402A}
		{D4AD8B6E-3AF4-4C0E-B345-A9F8501C1AA5} = {2A634651-2922-4EAE-9EE2-141C4DBD80CC}
		{BC7E6A1B-75FA-4530-A275-1DBA82C0C607} = {C915024C-450B-41B2-B4D3-57DF1CAB30B5}
		{B5B173FB-2A76-40DC-A1AD-2119E76B1781} = {E793B597-63D7-4E0C-8C07-56E83CC779D8}
		{01E988CA-87DE-4A40-A140-F8373A0E2C2E} = {4DB3DAE3-53BD-4594-94F5-4E17977EA180}
		{9E18574F-4394-4FA4-82C1-F21CA9251FA6} = {C915024C-450B-41B2-B4D3-57DF1CAB30B5}
		{7B3E3AFF-E56C-4448-98CE-A6BB4EFD6902} = {4DB3DAE3-53BD-4594-94F5-4E17977EA180}
		{AB78E448-C160-4A22-965F-2AB071821225} = {7B3E3AFF-E56C-4448-98CE-A6BB4EFD6902}
		{2FB09B23-909C-40C3-BF0A-056F316F822C} = {4DB3DAE3-53BD-4594-94F5-4E17977EA180}
		{E13BCBE7-9AD6-4B3E-A2F1-35952EA9EEF9} = {4DB3DAE3-53BD-4594-94F5-4E17977EA180}
		{BA1E5D23-122C-4FB7-8C97-ACA25435BFDB} = {E13BCBE7-9AD6-4B3E-A2F1-35952EA9EEF9}
		{2A5DE1EB-4F67-469C-AE5D-B0D688CAF80A} = {2FB09B23-909C-40C3-BF0A-056F316F822C}
	EndGlobalSection
	GlobalSection(ExtensibilityGlobals) = postSolution
		SolutionGuid = {6ED222D8-1B15-40EB-A156-B8E891343944}
	EndGlobalSection
EndGlobal
