
Microsoft Visual Studio Solution File, Format Version 12.00
# Visual Studio 15
VisualStudioVersion = 15.0.28307.421
MinimumVisualStudioVersion = 10.0.40219.1
Project("{2150E333-8FDC-42A3-9474-1A3956D46DE8}") = "Prediction", "Prediction", "{C915024C-450B-41B2-B4D3-57DF1CAB30B5}"
EndProject
Project("{9A19103F-16F7-4668-BE54-9A1E7A4F7556}") = "Prediction.Training", "Prediction\Prediction.Training\Prediction.Training.csproj", "{BC7E6A1B-75FA-4530-A275-1DBA82C0C607}"
EndProject
Project("{2150E333-8FDC-42A3-9474-1A3956D46DE8}") = "Repository", "Repository", "{E793B597-63D7-4E0C-8C07-56E83CC779D8}"
EndProject
Project("{9A19103F-16F7-4668-BE54-9A1E7A4F7556}") = "DataRepository", "Repository\DataRepository\DataRepository.csproj", "{B5B173FB-2A76-40DC-A1AD-2119E76B1781}"
EndProject
Project("{9A19103F-16F7-4668-BE54-9A1E7A4F7556}") = "Main.Infrastructure", "Main.Infrastructure\Main.Infrastructure.csproj", "{44E0D7A8-0724-450B-A469-E5DB471F36E2}"
EndProject
Project("{9A19103F-16F7-4668-BE54-9A1E7A4F7556}") = "Main.DataManager", "Main.DataManager\Main.DataManager.csproj", "{6E606B83-B81C-4D3F-A0BC-3D901E483735}"
EndProject
Project("{2150E333-8FDC-42A3-9474-1A3956D46DE8}") = ".Tests", ".Tests", "{4DB3DAE3-53BD-4594-94F5-4E17977EA180}"
EndProject
Project("{9A19103F-16F7-4668-BE54-9A1E7A4F7556}") = "Main.Bootstrapping", "Main.Bootstrapping\Main.Bootstrapping.csproj", "{6AA959A7-8AA4-4005-B351-3F79D01182F6}"
EndProject
Project("{9A19103F-16F7-4668-BE54-9A1E7A4F7556}") = "Main.DataManager.Tests", "Tests\Main.DataManager.Tests\Main.DataManager.Tests.csproj", "{01E988CA-87DE-4A40-A140-F8373A0E2C2E}"
EndProject
Project("{2150E333-8FDC-42A3-9474-1A3956D46DE8}") = "Prediction", "Prediction", "{7B3E3AFF-E56C-4448-98CE-A6BB4EFD6902}"
EndProject
Project("{2150E333-8FDC-42A3-9474-1A3956D46DE8}") = "Repository", "Repository", "{2FB09B23-909C-40C3-BF0A-056F316F822C}"
EndProject
Project("{9A19103F-16F7-4668-BE54-9A1E7A4F7556}") = "DataRepository.Tests", "Tests\Repository\DataRepository.Tests\DataRepository.Tests.csproj", "{2A5DE1EB-4F67-469C-AE5D-B0D688CAF80A}"
EndProject
Project("{9A19103F-16F7-4668-BE54-9A1E7A4F7556}") = "Prediction.LearningData", "Prediction\Prediction.LearningData\Prediction.LearningData.csproj", "{992884B6-0A20-4015-88D3-36D862260B7B}"
EndProject
Project("{9A19103F-16F7-4668-BE54-9A1E7A4F7556}") = "Prediction.Training.Tests", "Tests\Prediction\Prediction.Training.Tests\Prediction.Training.Tests.csproj", "{B4A49785-F5A5-45DA-8F53-C2CBB36F22A0}"
EndProject
Project("{9A19103F-16F7-4668-BE54-9A1E7A4F7556}") = "Prediction.LearningData.Tests", "Tests\Prediction\Prediction.LearningData.Tests\Prediction.LearningData.Tests.csproj", "{24B705CA-A22A-4D89-BAA6-9A9ABA59F98D}"
EndProject
Project("{2150E333-8FDC-42A3-9474-1A3956D46DE8}") = "StatsData", "StatsData", "{B0ADB790-71EB-4595-8480-9DDFCC904D7A}"
EndProject
Project("{9A19103F-16F7-4668-BE54-9A1E7A4F7556}") = "StatsDataSource", "StatsData\StatsDataSource\StatsDataSource.csproj", "{BEE18F27-0DA0-4578-BEE2-1A730543F83C}"
EndProject
Project("{2150E333-8FDC-42A3-9474-1A3956D46DE8}") = "StatsData", "StatsData", "{4EC52E02-57BE-4A2B-A8BC-2D573E5C7002}"
EndProject
Project("{9A19103F-16F7-4668-BE54-9A1E7A4F7556}") = "StatsData.Tests", "Tests\StatsData\StatsData.Tests\StatsData.Tests.csproj", "{426A9DBA-5BF0-4506-8C7B-AB748834A0B5}"
EndProject
Project("{9A19103F-16F7-4668-BE54-9A1E7A4F7556}") = "Prediction.Predicting", "Prediction\Prediction.Predicting\Prediction.Predicting.csproj", "{70DE4983-854C-427C-A6E3-1C7C937BE10D}"
EndProject
Project("{FAE04EC0-301F-11D3-BF4B-00C04F79EFBC}") = "Prediction.Infrastructure", "Prediction\Prediction.Infrastructure\Prediction.Infrastructure.csproj", "{AFCE21F2-A9FD-4B0D-A1BE-A5E21A0CAB5F}"
EndProject
Project("{FAE04EC0-301F-11D3-BF4B-00C04F79EFBC}") = "Prediction.Predicting.Tests", "Tests\Prediction\Prediction.Predicting.Tests\Prediction.Predicting.Tests.csproj", "{75FEF1F8-867A-4AB9-85C7-B9141E73A0F0}"
EndProject
Global
	GlobalSection(SolutionConfigurationPlatforms) = preSolution
		Debug|Any CPU = Debug|Any CPU
		Release|Any CPU = Release|Any CPU
	EndGlobalSection
	GlobalSection(ProjectConfigurationPlatforms) = postSolution
		{BC7E6A1B-75FA-4530-A275-1DBA82C0C607}.Debug|Any CPU.ActiveCfg = Debug|Any CPU
		{BC7E6A1B-75FA-4530-A275-1DBA82C0C607}.Debug|Any CPU.Build.0 = Debug|Any CPU
		{BC7E6A1B-75FA-4530-A275-1DBA82C0C607}.Release|Any CPU.ActiveCfg = Release|Any CPU
		{BC7E6A1B-75FA-4530-A275-1DBA82C0C607}.Release|Any CPU.Build.0 = Release|Any CPU
		{B5B173FB-2A76-40DC-A1AD-2119E76B1781}.Debug|Any CPU.ActiveCfg = Debug|Any CPU
		{B5B173FB-2A76-40DC-A1AD-2119E76B1781}.Debug|Any CPU.Build.0 = Debug|Any CPU
		{B5B173FB-2A76-40DC-A1AD-2119E76B1781}.Release|Any CPU.ActiveCfg = Release|Any CPU
		{B5B173FB-2A76-40DC-A1AD-2119E76B1781}.Release|Any CPU.Build.0 = Release|Any CPU
		{44E0D7A8-0724-450B-A469-E5DB471F36E2}.Debug|Any CPU.ActiveCfg = Debug|Any CPU
		{44E0D7A8-0724-450B-A469-E5DB471F36E2}.Debug|Any CPU.Build.0 = Debug|Any CPU
		{44E0D7A8-0724-450B-A469-E5DB471F36E2}.Release|Any CPU.ActiveCfg = Release|Any CPU
		{44E0D7A8-0724-450B-A469-E5DB471F36E2}.Release|Any CPU.Build.0 = Release|Any CPU
		{6E606B83-B81C-4D3F-A0BC-3D901E483735}.Debug|Any CPU.ActiveCfg = Debug|Any CPU
		{6E606B83-B81C-4D3F-A0BC-3D901E483735}.Debug|Any CPU.Build.0 = Debug|Any CPU
		{6E606B83-B81C-4D3F-A0BC-3D901E483735}.Release|Any CPU.ActiveCfg = Release|Any CPU
		{6E606B83-B81C-4D3F-A0BC-3D901E483735}.Release|Any CPU.Build.0 = Release|Any CPU
		{6AA959A7-8AA4-4005-B351-3F79D01182F6}.Debug|Any CPU.ActiveCfg = Debug|Any CPU
		{6AA959A7-8AA4-4005-B351-3F79D01182F6}.Debug|Any CPU.Build.0 = Debug|Any CPU
		{6AA959A7-8AA4-4005-B351-3F79D01182F6}.Release|Any CPU.ActiveCfg = Release|Any CPU
		{6AA959A7-8AA4-4005-B351-3F79D01182F6}.Release|Any CPU.Build.0 = Release|Any CPU
		{01E988CA-87DE-4A40-A140-F8373A0E2C2E}.Debug|Any CPU.ActiveCfg = Debug|Any CPU
		{01E988CA-87DE-4A40-A140-F8373A0E2C2E}.Debug|Any CPU.Build.0 = Debug|Any CPU
		{01E988CA-87DE-4A40-A140-F8373A0E2C2E}.Release|Any CPU.ActiveCfg = Release|Any CPU
		{01E988CA-87DE-4A40-A140-F8373A0E2C2E}.Release|Any CPU.Build.0 = Release|Any CPU
		{2A5DE1EB-4F67-469C-AE5D-B0D688CAF80A}.Debug|Any CPU.ActiveCfg = Debug|Any CPU
		{2A5DE1EB-4F67-469C-AE5D-B0D688CAF80A}.Debug|Any CPU.Build.0 = Debug|Any CPU
		{2A5DE1EB-4F67-469C-AE5D-B0D688CAF80A}.Release|Any CPU.ActiveCfg = Release|Any CPU
		{2A5DE1EB-4F67-469C-AE5D-B0D688CAF80A}.Release|Any CPU.Build.0 = Release|Any CPU
		{992884B6-0A20-4015-88D3-36D862260B7B}.Debug|Any CPU.ActiveCfg = Debug|Any CPU
		{992884B6-0A20-4015-88D3-36D862260B7B}.Debug|Any CPU.Build.0 = Debug|Any CPU
		{992884B6-0A20-4015-88D3-36D862260B7B}.Release|Any CPU.ActiveCfg = Release|Any CPU
		{992884B6-0A20-4015-88D3-36D862260B7B}.Release|Any CPU.Build.0 = Release|Any CPU
		{B4A49785-F5A5-45DA-8F53-C2CBB36F22A0}.Debug|Any CPU.ActiveCfg = Debug|Any CPU
		{B4A49785-F5A5-45DA-8F53-C2CBB36F22A0}.Debug|Any CPU.Build.0 = Debug|Any CPU
		{B4A49785-F5A5-45DA-8F53-C2CBB36F22A0}.Release|Any CPU.ActiveCfg = Release|Any CPU
		{B4A49785-F5A5-45DA-8F53-C2CBB36F22A0}.Release|Any CPU.Build.0 = Release|Any CPU
		{24B705CA-A22A-4D89-BAA6-9A9ABA59F98D}.Debug|Any CPU.ActiveCfg = Debug|Any CPU
		{24B705CA-A22A-4D89-BAA6-9A9ABA59F98D}.Debug|Any CPU.Build.0 = Debug|Any CPU
		{24B705CA-A22A-4D89-BAA6-9A9ABA59F98D}.Release|Any CPU.ActiveCfg = Release|Any CPU
		{24B705CA-A22A-4D89-BAA6-9A9ABA59F98D}.Release|Any CPU.Build.0 = Release|Any CPU
		{BEE18F27-0DA0-4578-BEE2-1A730543F83C}.Debug|Any CPU.ActiveCfg = Debug|Any CPU
		{BEE18F27-0DA0-4578-BEE2-1A730543F83C}.Debug|Any CPU.Build.0 = Debug|Any CPU
		{BEE18F27-0DA0-4578-BEE2-1A730543F83C}.Release|Any CPU.ActiveCfg = Release|Any CPU
		{BEE18F27-0DA0-4578-BEE2-1A730543F83C}.Release|Any CPU.Build.0 = Release|Any CPU
		{426A9DBA-5BF0-4506-8C7B-AB748834A0B5}.Debug|Any CPU.ActiveCfg = Debug|Any CPU
		{426A9DBA-5BF0-4506-8C7B-AB748834A0B5}.Debug|Any CPU.Build.0 = Debug|Any CPU
		{426A9DBA-5BF0-4506-8C7B-AB748834A0B5}.Release|Any CPU.ActiveCfg = Release|Any CPU
		{426A9DBA-5BF0-4506-8C7B-AB748834A0B5}.Release|Any CPU.Build.0 = Release|Any CPU
		{70DE4983-854C-427C-A6E3-1C7C937BE10D}.Debug|Any CPU.ActiveCfg = Debug|Any CPU
		{70DE4983-854C-427C-A6E3-1C7C937BE10D}.Debug|Any CPU.Build.0 = Debug|Any CPU
		{70DE4983-854C-427C-A6E3-1C7C937BE10D}.Release|Any CPU.ActiveCfg = Release|Any CPU
		{70DE4983-854C-427C-A6E3-1C7C937BE10D}.Release|Any CPU.Build.0 = Release|Any CPU
		{AFCE21F2-A9FD-4B0D-A1BE-A5E21A0CAB5F}.Debug|Any CPU.ActiveCfg = Debug|Any CPU
		{AFCE21F2-A9FD-4B0D-A1BE-A5E21A0CAB5F}.Debug|Any CPU.Build.0 = Debug|Any CPU
		{AFCE21F2-A9FD-4B0D-A1BE-A5E21A0CAB5F}.Release|Any CPU.ActiveCfg = Release|Any CPU
		{AFCE21F2-A9FD-4B0D-A1BE-A5E21A0CAB5F}.Release|Any CPU.Build.0 = Release|Any CPU
		{75FEF1F8-867A-4AB9-85C7-B9141E73A0F0}.Debug|Any CPU.ActiveCfg = Debug|Any CPU
		{75FEF1F8-867A-4AB9-85C7-B9141E73A0F0}.Debug|Any CPU.Build.0 = Debug|Any CPU
		{75FEF1F8-867A-4AB9-85C7-B9141E73A0F0}.Release|Any CPU.ActiveCfg = Release|Any CPU
		{75FEF1F8-867A-4AB9-85C7-B9141E73A0F0}.Release|Any CPU.Build.0 = Release|Any CPU
	EndGlobalSection
	GlobalSection(SolutionProperties) = preSolution
		HideSolutionNode = FALSE
	EndGlobalSection
	GlobalSection(NestedProjects) = preSolution
		{BC7E6A1B-75FA-4530-A275-1DBA82C0C607} = {C915024C-450B-41B2-B4D3-57DF1CAB30B5}
		{B5B173FB-2A76-40DC-A1AD-2119E76B1781} = {E793B597-63D7-4E0C-8C07-56E83CC779D8}
		{01E988CA-87DE-4A40-A140-F8373A0E2C2E} = {4DB3DAE3-53BD-4594-94F5-4E17977EA180}
		{7B3E3AFF-E56C-4448-98CE-A6BB4EFD6902} = {4DB3DAE3-53BD-4594-94F5-4E17977EA180}
		{2FB09B23-909C-40C3-BF0A-056F316F822C} = {4DB3DAE3-53BD-4594-94F5-4E17977EA180}
		{2A5DE1EB-4F67-469C-AE5D-B0D688CAF80A} = {2FB09B23-909C-40C3-BF0A-056F316F822C}
		{992884B6-0A20-4015-88D3-36D862260B7B} = {C915024C-450B-41B2-B4D3-57DF1CAB30B5}
		{B4A49785-F5A5-45DA-8F53-C2CBB36F22A0} = {7B3E3AFF-E56C-4448-98CE-A6BB4EFD6902}
		{24B705CA-A22A-4D89-BAA6-9A9ABA59F98D} = {7B3E3AFF-E56C-4448-98CE-A6BB4EFD6902}
		{BEE18F27-0DA0-4578-BEE2-1A730543F83C} = {B0ADB790-71EB-4595-8480-9DDFCC904D7A}
		{4EC52E02-57BE-4A2B-A8BC-2D573E5C7002} = {4DB3DAE3-53BD-4594-94F5-4E17977EA180}
		{426A9DBA-5BF0-4506-8C7B-AB748834A0B5} = {4EC52E02-57BE-4A2B-A8BC-2D573E5C7002}
		{70DE4983-854C-427C-A6E3-1C7C937BE10D} = {C915024C-450B-41B2-B4D3-57DF1CAB30B5}
		{AFCE21F2-A9FD-4B0D-A1BE-A5E21A0CAB5F} = {C915024C-450B-41B2-B4D3-57DF1CAB30B5}
		{75FEF1F8-867A-4AB9-85C7-B9141E73A0F0} = {7B3E3AFF-E56C-4448-98CE-A6BB4EFD6902}
	EndGlobalSection
	GlobalSection(ExtensibilityGlobals) = postSolution
		SolutionGuid = {6ED222D8-1B15-40EB-A156-B8E891343944}
	EndGlobalSection
EndGlobal
