
Microsoft Visual Studio Solution File, Format Version 12.00
# Visual Studio 15
VisualStudioVersion = 15.0.28307.421
MinimumVisualStudioVersion = 10.0.40219.1
Project("{2150E333-8FDC-42A3-9474-1A3956D46DE8}") = "OddsData", "OddsData", "{2A634651-2922-4EAE-9EE2-141C4DBD80CC}"
EndProject
Project("{2150E333-8FDC-42A3-9474-1A3956D46DE8}") = "Infrastructure", "Infrastructure", "{D89A5C15-B2E7-4D13-8EF4-A086252E8083}"
EndProject
Project("{2150E333-8FDC-42A3-9474-1A3956D46DE8}") = "Sources", "Sources", "{E39B3923-ADB3-40A1-A48D-17790578402A}"
EndProject
Project("{9A19103F-16F7-4668-BE54-9A1E7A4F7556}") = "OddsData.Infrastructure", "OddsData\Infrastructure\OddsData.Infrastructure\OddsData.Infrastructure.csproj", "{071F09B2-8C09-4AFF-BA82-C732A225E0A7}"
EndProject
Project("{9A19103F-16F7-4668-BE54-9A1E7A4F7556}") = "OddsData.OddsPortal", "OddsData\Sources\OddsData.OddsPortal\OddsData.OddsPortal.csproj", "{753F060B-63F7-4A12-B5CC-194D95CFD21E}"
EndProject
Project("{FAE04EC0-301F-11D3-BF4B-00C04F79EFBC}") = "OddsData.Source", "OddsData\OddsData.Source\OddsData.Source.csproj", "{D4AD8B6E-3AF4-4C0E-B345-A9F8501C1AA5}"
EndProject
Project("{2150E333-8FDC-42A3-9474-1A3956D46DE8}") = ".Tests", ".Tests", "{240A9172-667C-42AB-BB47-48FD6D53B920}"
EndProject
Project("{FAE04EC0-301F-11D3-BF4B-00C04F79EFBC}") = "OddsData.OddsPortal.Tests", "OddsData\Tests\OddsData.OddsPortal.Tests\OddsData.OddsPortal.Tests.csproj", "{96318E2C-C7A3-4D3F-931A-4CFF7410CB99}"
EndProject
Global
	GlobalSection(SolutionConfigurationPlatforms) = preSolution
		Debug|Any CPU = Debug|Any CPU
		Release|Any CPU = Release|Any CPU
	EndGlobalSection
	GlobalSection(ProjectConfigurationPlatforms) = postSolution
		{071F09B2-8C09-4AFF-BA82-C732A225E0A7}.Debug|Any CPU.ActiveCfg = Debug|Any CPU
		{071F09B2-8C09-4AFF-BA82-C732A225E0A7}.Debug|Any CPU.Build.0 = Debug|Any CPU
		{071F09B2-8C09-4AFF-BA82-C732A225E0A7}.Release|Any CPU.ActiveCfg = Release|Any CPU
		{071F09B2-8C09-4AFF-BA82-C732A225E0A7}.Release|Any CPU.Build.0 = Release|Any CPU
		{753F060B-63F7-4A12-B5CC-194D95CFD21E}.Debug|Any CPU.ActiveCfg = Debug|Any CPU
		{753F060B-63F7-4A12-B5CC-194D95CFD21E}.Debug|Any CPU.Build.0 = Debug|Any CPU
		{753F060B-63F7-4A12-B5CC-194D95CFD21E}.Release|Any CPU.ActiveCfg = Release|Any CPU
		{753F060B-63F7-4A12-B5CC-194D95CFD21E}.Release|Any CPU.Build.0 = Release|Any CPU
		{D4AD8B6E-3AF4-4C0E-B345-A9F8501C1AA5}.Debug|Any CPU.ActiveCfg = Debug|Any CPU
		{D4AD8B6E-3AF4-4C0E-B345-A9F8501C1AA5}.Debug|Any CPU.Build.0 = Debug|Any CPU
		{D4AD8B6E-3AF4-4C0E-B345-A9F8501C1AA5}.Release|Any CPU.ActiveCfg = Release|Any CPU
		{D4AD8B6E-3AF4-4C0E-B345-A9F8501C1AA5}.Release|Any CPU.Build.0 = Release|Any CPU
		{96318E2C-C7A3-4D3F-931A-4CFF7410CB99}.Debug|Any CPU.ActiveCfg = Debug|Any CPU
		{96318E2C-C7A3-4D3F-931A-4CFF7410CB99}.Debug|Any CPU.Build.0 = Debug|Any CPU
		{96318E2C-C7A3-4D3F-931A-4CFF7410CB99}.Release|Any CPU.ActiveCfg = Release|Any CPU
		{96318E2C-C7A3-4D3F-931A-4CFF7410CB99}.Release|Any CPU.Build.0 = Release|Any CPU
	EndGlobalSection
	GlobalSection(SolutionProperties) = preSolution
		HideSolutionNode = FALSE
	EndGlobalSection
	GlobalSection(NestedProjects) = preSolution
		{D89A5C15-B2E7-4D13-8EF4-A086252E8083} = {2A634651-2922-4EAE-9EE2-141C4DBD80CC}
		{E39B3923-ADB3-40A1-A48D-17790578402A} = {2A634651-2922-4EAE-9EE2-141C4DBD80CC}
		{071F09B2-8C09-4AFF-BA82-C732A225E0A7} = {D89A5C15-B2E7-4D13-8EF4-A086252E8083}
		{753F060B-63F7-4A12-B5CC-194D95CFD21E} = {E39B3923-ADB3-40A1-A48D-17790578402A}
		{D4AD8B6E-3AF4-4C0E-B345-A9F8501C1AA5} = {2A634651-2922-4EAE-9EE2-141C4DBD80CC}
		{240A9172-667C-42AB-BB47-48FD6D53B920} = {2A634651-2922-4EAE-9EE2-141C4DBD80CC}
		{96318E2C-C7A3-4D3F-931A-4CFF7410CB99} = {240A9172-667C-42AB-BB47-48FD6D53B920}
	EndGlobalSection
	GlobalSection(ExtensibilityGlobals) = postSolution
		SolutionGuid = {6ED222D8-1B15-40EB-A156-B8E891343944}
	EndGlobalSection
EndGlobal
